
Microsoft Visual Studio Solution File, Format Version 12.00
# Visual Studio Version 16
VisualStudioVersion = 16.0.31702.278
MinimumVisualStudioVersion = 10.0.40219.1
Project("{FAE04EC0-301F-11D3-BF4B-00C04F79EFBC}") = "MonoSkelly.Demo", "MonoSkelly.Demo.csproj", "{8479EE8D-4EAF-450D-B74A-0B7FE96945E0}"
EndProject
Global
	GlobalSection(SolutionConfigurationPlatforms) = preSolution
		Debug|Any CPU = Debug|Any CPU
		Release|Any CPU = Release|Any CPU
	EndGlobalSection
	GlobalSection(ProjectConfigurationPlatforms) = postSolution
		{8479EE8D-4EAF-450D-B74A-0B7FE96945E0}.Debug|Any CPU.ActiveCfg = Debug|Any CPU
		{8479EE8D-4EAF-450D-B74A-0B7FE96945E0}.Debug|Any CPU.Build.0 = Debug|Any CPU
		{8479EE8D-4EAF-450D-B74A-0B7FE96945E0}.Release|Any CPU.ActiveCfg = Release|Any CPU
		{8479EE8D-4EAF-450D-B74A-0B7FE96945E0}.Release|Any CPU.Build.0 = Release|Any CPU
	EndGlobalSection
	GlobalSection(SolutionProperties) = preSolution
		HideSolutionNode = FALSE
	EndGlobalSection
	GlobalSection(ExtensibilityGlobals) = postSolution
		SolutionGuid = {7E8856F2-CAAD-4D34-BB15-D186F311035B}
	EndGlobalSection
EndGlobal
